// !$*UTF8*$!
{
	archiveVersion = 1;
	classes = {
	};
	objectVersion = 51;
	objects = {

/* Begin PBXBuildFile section */
		1A028C8422BB84AC00F64BF0 /* AppDelegate.swift in Sources */ = {isa = PBXBuildFile; fileRef = 1A028C8322BB84AC00F64BF0 /* AppDelegate.swift */; };
		1A028C8622BB84AC00F64BF0 /* ViewController.swift in Sources */ = {isa = PBXBuildFile; fileRef = 1A028C8522BB84AC00F64BF0 /* ViewController.swift */; };
		1A028C8922BB84AC00F64BF0 /* Main.storyboard in Resources */ = {isa = PBXBuildFile; fileRef = 1A028C8722BB84AC00F64BF0 /* Main.storyboard */; };
		1A028C8B22BB84AD00F64BF0 /* Assets.xcassets in Resources */ = {isa = PBXBuildFile; fileRef = 1A028C8A22BB84AD00F64BF0 /* Assets.xcassets */; };
		1A028C8E22BB84AD00F64BF0 /* LaunchScreen.storyboard in Resources */ = {isa = PBXBuildFile; fileRef = 1A028C8C22BB84AD00F64BF0 /* LaunchScreen.storyboard */; };
		1A028C9622BB884900F64BF0 /* SpellData.swift in Sources */ = {isa = PBXBuildFile; fileRef = 1A028C9522BB884900F64BF0 /* SpellData.swift */; };
		1A028C9822BB893500F64BF0 /* Spells.swift in Sources */ = {isa = PBXBuildFile; fileRef = 1A028C9722BB893500F64BF0 /* Spells.swift */; };
		1AB17B7122BB9C2A004AA815 /* SpellDetailViewController.swift in Sources */ = {isa = PBXBuildFile; fileRef = 1AB17B7022BB9C2A004AA815 /* SpellDetailViewController.swift */; };
		61F104B27BDC866EDCC8C009 /* Pods_Wand.framework in Frameworks */ = {isa = PBXBuildFile; fileRef = 1219916297FA93AE70D7FFC0 /* Pods_Wand.framework */; };
/* End PBXBuildFile section */

/* Begin PBXFileReference section */
		1219916297FA93AE70D7FFC0 /* Pods_Wand.framework */ = {isa = PBXFileReference; explicitFileType = wrapper.framework; includeInIndex = 0; path = Pods_Wand.framework; sourceTree = BUILT_PRODUCTS_DIR; };
		1A028C8022BB84AC00F64BF0 /* Wand.app */ = {isa = PBXFileReference; explicitFileType = wrapper.application; includeInIndex = 0; path = Wand.app; sourceTree = BUILT_PRODUCTS_DIR; };
		1A028C8322BB84AC00F64BF0 /* AppDelegate.swift */ = {isa = PBXFileReference; lastKnownFileType = sourcecode.swift; path = AppDelegate.swift; sourceTree = "<group>"; };
		1A028C8522BB84AC00F64BF0 /* ViewController.swift */ = {isa = PBXFileReference; lastKnownFileType = sourcecode.swift; path = ViewController.swift; sourceTree = "<group>"; };
		1A028C8822BB84AC00F64BF0 /* Base */ = {isa = PBXFileReference; lastKnownFileType = file.storyboard; name = Base; path = Base.lproj/Main.storyboard; sourceTree = "<group>"; };
		1A028C8A22BB84AD00F64BF0 /* Assets.xcassets */ = {isa = PBXFileReference; lastKnownFileType = folder.assetcatalog; path = Assets.xcassets; sourceTree = "<group>"; };
		1A028C8D22BB84AD00F64BF0 /* Base */ = {isa = PBXFileReference; lastKnownFileType = file.storyboard; name = Base; path = Base.lproj/LaunchScreen.storyboard; sourceTree = "<group>"; };
		1A028C8F22BB84AD00F64BF0 /* Info.plist */ = {isa = PBXFileReference; lastKnownFileType = text.plist.xml; path = Info.plist; sourceTree = "<group>"; };
		1A028C9522BB884900F64BF0 /* SpellData.swift */ = {isa = PBXFileReference; lastKnownFileType = sourcecode.swift; path = SpellData.swift; sourceTree = "<group>"; };
		1A028C9722BB893500F64BF0 /* Spells.swift */ = {isa = PBXFileReference; lastKnownFileType = sourcecode.swift; path = Spells.swift; sourceTree = "<group>"; };
		1AB17B7022BB9C2A004AA815 /* SpellDetailViewController.swift */ = {isa = PBXFileReference; lastKnownFileType = sourcecode.swift; path = SpellDetailViewController.swift; sourceTree = "<group>"; };
		2ACEB1CEAFF77A8289804DAD /* Pods-Wand.debug.xcconfig */ = {isa = PBXFileReference; includeInIndex = 1; lastKnownFileType = text.xcconfig; name = "Pods-Wand.debug.xcconfig"; path = "Target Support Files/Pods-Wand/Pods-Wand.debug.xcconfig"; sourceTree = "<group>"; };
		BE3E0FBC1ADF18588567947C /* Pods-Wand.release.xcconfig */ = {isa = PBXFileReference; includeInIndex = 1; lastKnownFileType = text.xcconfig; name = "Pods-Wand.release.xcconfig"; path = "Target Support Files/Pods-Wand/Pods-Wand.release.xcconfig"; sourceTree = "<group>"; };
/* End PBXFileReference section */

/* Begin PBXFrameworksBuildPhase section */
		1A028C7D22BB84AC00F64BF0 /* Frameworks */ = {
			isa = PBXFrameworksBuildPhase;
			buildActionMask = 2147483647;
			files = (
				61F104B27BDC866EDCC8C009 /* Pods_Wand.framework in Frameworks */,
			);
			runOnlyForDeploymentPostprocessing = 0;
		};
/* End PBXFrameworksBuildPhase section */

/* Begin PBXGroup section */
		1A028C7722BB84AC00F64BF0 = {
			isa = PBXGroup;
			children = (
				1A028C8222BB84AC00F64BF0 /* Wand */,
				1A028C8122BB84AC00F64BF0 /* Products */,
				8FC55F1025269177DBE6A2F2 /* Pods */,
				205C2AB3B3B90AD2CBF9F267 /* Frameworks */,
			);
			sourceTree = "<group>";
		};
		1A028C8122BB84AC00F64BF0 /* Products */ = {
			isa = PBXGroup;
			children = (
				1A028C8022BB84AC00F64BF0 /* Wand.app */,
			);
			name = Products;
			sourceTree = "<group>";
		};
		1A028C8222BB84AC00F64BF0 /* Wand */ = {
			isa = PBXGroup;
			children = (
				1A028C8322BB84AC00F64BF0 /* AppDelegate.swift */,
				1A028C9522BB884900F64BF0 /* SpellData.swift */,
				1A028C9722BB893500F64BF0 /* Spells.swift */,
				1A028C8522BB84AC00F64BF0 /* ViewController.swift */,
				1AB17B7022BB9C2A004AA815 /* SpellDetailViewController.swift */,
				1A028C8722BB84AC00F64BF0 /* Main.storyboard */,
				1A028C8A22BB84AD00F64BF0 /* Assets.xcassets */,
				1A028C8C22BB84AD00F64BF0 /* LaunchScreen.storyboard */,
				1A028C8F22BB84AD00F64BF0 /* Info.plist */,
			);
			path = Wand;
			sourceTree = "<group>";
		};
		205C2AB3B3B90AD2CBF9F267 /* Frameworks */ = {
			isa = PBXGroup;
			children = (
				1219916297FA93AE70D7FFC0 /* Pods_Wand.framework */,
			);
			name = Frameworks;
			sourceTree = "<group>";
		};
		8FC55F1025269177DBE6A2F2 /* Pods */ = {
			isa = PBXGroup;
			children = (
				2ACEB1CEAFF77A8289804DAD /* Pods-Wand.debug.xcconfig */,
				BE3E0FBC1ADF18588567947C /* Pods-Wand.release.xcconfig */,
			);
			path = Pods;
			sourceTree = "<group>";
		};
/* End PBXGroup section */

/* Begin PBXNativeTarget section */
		1A028C7F22BB84AC00F64BF0 /* Wand */ = {
			isa = PBXNativeTarget;
			buildConfigurationList = 1A028C9222BB84AD00F64BF0 /* Build configuration list for PBXNativeTarget "Wand" */;
			buildPhases = (
				8C8B0F19E0873CE577DFBA4A /* [CP] Check Pods Manifest.lock */,
				1A028C7C22BB84AC00F64BF0 /* Sources */,
				1A028C7D22BB84AC00F64BF0 /* Frameworks */,
				1A028C7E22BB84AC00F64BF0 /* Resources */,
				F55562FBD4E8466F3BCFED45 /* [CP] Embed Pods Frameworks */,
			);
			buildRules = (
			);
			dependencies = (
			);
			name = Wand;
			productName = Wand;
			productReference = 1A028C8022BB84AC00F64BF0 /* Wand.app */;
			productType = "com.apple.product-type.application";
		};
/* End PBXNativeTarget section */

/* Begin PBXProject section */
		1A028C7822BB84AC00F64BF0 /* Project object */ = {
			isa = PBXProject;
			attributes = {
				LastSwiftUpdateCheck = 1020;
				LastUpgradeCheck = 1020;
				ORGANIZATIONNAME = "Ella Gryf-Lowczowska";
				TargetAttributes = {
					1A028C7F22BB84AC00F64BF0 = {
						CreatedOnToolsVersion = 10.2.1;
					};
				};
			};
			buildConfigurationList = 1A028C7B22BB84AC00F64BF0 /* Build configuration list for PBXProject "Wand" */;
			compatibilityVersion = "Xcode 9.3";
			developmentRegion = en;
			hasScannedForEncodings = 0;
			knownRegions = (
				en,
				Base,
			);
			mainGroup = 1A028C7722BB84AC00F64BF0;
			productRefGroup = 1A028C8122BB84AC00F64BF0 /* Products */;
			projectDirPath = "";
			projectRoot = "";
			targets = (
				1A028C7F22BB84AC00F64BF0 /* Wand */,
			);
		};
/* End PBXProject section */

/* Begin PBXResourcesBuildPhase section */
		1A028C7E22BB84AC00F64BF0 /* Resources */ = {
			isa = PBXResourcesBuildPhase;
			buildActionMask = 2147483647;
			files = (
				1A028C8E22BB84AD00F64BF0 /* LaunchScreen.storyboard in Resources */,
				1A028C8B22BB84AD00F64BF0 /* Assets.xcassets in Resources */,
				1A028C8922BB84AC00F64BF0 /* Main.storyboard in Resources */,
			);
			runOnlyForDeploymentPostprocessing = 0;
		};
/* End PBXResourcesBuildPhase section */

/* Begin PBXShellScriptBuildPhase section */
		8C8B0F19E0873CE577DFBA4A /* [CP] Check Pods Manifest.lock */ = {
			isa = PBXShellScriptBuildPhase;
			buildActionMask = 2147483647;
			files = (
			);
			inputFileListPaths = (
			);
			inputPaths = (
				"${PODS_PODFILE_DIR_PATH}/Podfile.lock",
				"${PODS_ROOT}/Manifest.lock",
			);
			name = "[CP] Check Pods Manifest.lock";
			outputFileListPaths = (
			);
			outputPaths = (
				"$(DERIVED_FILE_DIR)/Pods-Wand-checkManifestLockResult.txt",
			);
			runOnlyForDeploymentPostprocessing = 0;
			shellPath = /bin/sh;
			shellScript = "diff \"${PODS_PODFILE_DIR_PATH}/Podfile.lock\" \"${PODS_ROOT}/Manifest.lock\" > /dev/null\nif [ $? != 0 ] ; then\n    # print error to STDERR\n    echo \"error: The sandbox is not in sync with the Podfile.lock. Run 'pod install' or update your CocoaPods installation.\" >&2\n    exit 1\nfi\n# This output is used by Xcode 'outputs' to avoid re-running this script phase.\necho \"SUCCESS\" > \"${SCRIPT_OUTPUT_FILE_0}\"\n";
			showEnvVarsInLog = 0;
		};
		F55562FBD4E8466F3BCFED45 /* [CP] Embed Pods Frameworks */ = {
			isa = PBXShellScriptBuildPhase;
			buildActionMask = 2147483647;
			files = (
			);
			inputFileListPaths = (
				"${PODS_ROOT}/Target Support Files/Pods-Wand/Pods-Wand-frameworks-${CONFIGURATION}-input-files.xcfilelist",
			);
			name = "[CP] Embed Pods Frameworks";
			outputFileListPaths = (
				"${PODS_ROOT}/Target Support Files/Pods-Wand/Pods-Wand-frameworks-${CONFIGURATION}-output-files.xcfilelist",
			);
			runOnlyForDeploymentPostprocessing = 0;
			shellPath = /bin/sh;
			shellScript = "\"${PODS_ROOT}/Target Support Files/Pods-Wand/Pods-Wand-frameworks.sh\"\n";
			showEnvVarsInLog = 0;
		};
/* End PBXShellScriptBuildPhase section */

/* Begin PBXSourcesBuildPhase section */
		1A028C7C22BB84AC00F64BF0 /* Sources */ = {
			isa = PBXSourcesBuildPhase;
			buildActionMask = 2147483647;
			files = (
				1A028C9622BB884900F64BF0 /* SpellData.swift in Sources */,
				1A028C8622BB84AC00F64BF0 /* ViewController.swift in Sources */,
				1A028C9822BB893500F64BF0 /* Spells.swift in Sources */,
				1A028C8422BB84AC00F64BF0 /* AppDelegate.swift in Sources */,
				1AB17B7122BB9C2A004AA815 /* SpellDetailViewController.swift in Sources */,
			);
			runOnlyForDeploymentPostprocessing = 0;
		};
/* End PBXSourcesBuildPhase section */

/* Begin PBXVariantGroup section */
		1A028C8722BB84AC00F64BF0 /* Main.storyboard */ = {
			isa = PBXVariantGroup;
			children = (
				1A028C8822BB84AC00F64BF0 /* Base */,
			);
			name = Main.storyboard;
			sourceTree = "<group>";
		};
		1A028C8C22BB84AD00F64BF0 /* LaunchScreen.storyboard */ = {
			isa = PBXVariantGroup;
			children = (
				1A028C8D22BB84AD00F64BF0 /* Base */,
			);
			name = LaunchScreen.storyboard;
			sourceTree = "<group>";
		};
/* End PBXVariantGroup section */

/* Begin XCBuildConfiguration section */
		1A028C9022BB84AD00F64BF0 /* Debug */ = {
			isa = XCBuildConfiguration;
			buildSettings = {
				ALWAYS_SEARCH_USER_PATHS = NO;
				CLANG_ANALYZER_NONNULL = YES;
				CLANG_ANALYZER_NUMBER_OBJECT_CONVERSION = YES_AGGRESSIVE;
				CLANG_CXX_LANGUAGE_STANDARD = "gnu++14";
				CLANG_CXX_LIBRARY = "libc++";
				CLANG_ENABLE_MODULES = YES;
				CLANG_ENABLE_OBJC_ARC = YES;
				CLANG_ENABLE_OBJC_WEAK = YES;
				CLANG_WARN_BLOCK_CAPTURE_AUTORELEASING = YES;
				CLANG_WARN_BOOL_CONVERSION = YES;
				CLANG_WARN_COMMA = YES;
				CLANG_WARN_CONSTANT_CONVERSION = YES;
				CLANG_WARN_DEPRECATED_OBJC_IMPLEMENTATIONS = YES;
				CLANG_WARN_DIRECT_OBJC_ISA_USAGE = YES_ERROR;
				CLANG_WARN_DOCUMENTATION_COMMENTS = YES;
				CLANG_WARN_EMPTY_BODY = YES;
				CLANG_WARN_ENUM_CONVERSION = YES;
				CLANG_WARN_INFINITE_RECURSION = YES;
				CLANG_WARN_INT_CONVERSION = YES;
				CLANG_WARN_NON_LITERAL_NULL_CONVERSION = YES;
				CLANG_WARN_OBJC_IMPLICIT_RETAIN_SELF = YES;
				CLANG_WARN_OBJC_LITERAL_CONVERSION = YES;
				CLANG_WARN_OBJC_ROOT_CLASS = YES_ERROR;
				CLANG_WARN_RANGE_LOOP_ANALYSIS = YES;
				CLANG_WARN_STRICT_PROTOTYPES = YES;
				CLANG_WARN_SUSPICIOUS_MOVE = YES;
				CLANG_WARN_UNGUARDED_AVAILABILITY = YES_AGGRESSIVE;
				CLANG_WARN_UNREACHABLE_CODE = YES;
				CLANG_WARN__DUPLICATE_METHOD_MATCH = YES;
				CODE_SIGN_IDENTITY = "iPhone Developer";
				COPY_PHASE_STRIP = NO;
				DEBUG_INFORMATION_FORMAT = dwarf;
				ENABLE_STRICT_OBJC_MSGSEND = YES;
				ENABLE_TESTABILITY = YES;
				GCC_C_LANGUAGE_STANDARD = gnu11;
				GCC_DYNAMIC_NO_PIC = NO;
				GCC_NO_COMMON_BLOCKS = YES;
				GCC_OPTIMIZATION_LEVEL = 0;
				GCC_PREPROCESSOR_DEFINITIONS = (
					"DEBUG=1",
					"$(inherited)",
				);
				GCC_WARN_64_TO_32_BIT_CONVERSION = YES;
				GCC_WARN_ABOUT_RETURN_TYPE = YES_ERROR;
				GCC_WARN_UNDECLARED_SELECTOR = YES;
				GCC_WARN_UNINITIALIZED_AUTOS = YES_AGGRESSIVE;
				GCC_WARN_UNUSED_FUNCTION = YES;
				GCC_WARN_UNUSED_VARIABLE = YES;
				IPHONEOS_DEPLOYMENT_TARGET = 12.2;
				MTL_ENABLE_DEBUG_INFO = INCLUDE_SOURCE;
				MTL_FAST_MATH = YES;
				ONLY_ACTIVE_ARCH = YES;
				SDKROOT = iphoneos;
				SWIFT_ACTIVE_COMPILATION_CONDITIONS = DEBUG;
				SWIFT_OPTIMIZATION_LEVEL = "-Onone";
			};
			name = Debug;
		};
		1A028C9122BB84AD00F64BF0 /* Release */ = {
			isa = XCBuildConfiguration;
			buildSettings = {
				ALWAYS_SEARCH_USER_PATHS = NO;
				CLANG_ANALYZER_NONNULL = YES;
				CLANG_ANALYZER_NUMBER_OBJECT_CONVERSION = YES_AGGRESSIVE;
				CLANG_CXX_LANGUAGE_STANDARD = "gnu++14";
				CLANG_CXX_LIBRARY = "libc++";
				CLANG_ENABLE_MODULES = YES;
				CLANG_ENABLE_OBJC_ARC = YES;
				CLANG_ENABLE_OBJC_WEAK = YES;
				CLANG_WARN_BLOCK_CAPTURE_AUTORELEASING = YES;
				CLANG_WARN_BOOL_CONVERSION = YES;
				CLANG_WARN_COMMA = YES;
				CLANG_WARN_CONSTANT_CONVERSION = YES;
				CLANG_WARN_DEPRECATED_OBJC_IMPLEMENTATIONS = YES;
				CLANG_WARN_DIRECT_OBJC_ISA_USAGE = YES_ERROR;
				CLANG_WARN_DOCUMENTATION_COMMENTS = YES;
				CLANG_WARN_EMPTY_BODY = YES;
				CLANG_WARN_ENUM_CONVERSION = YES;
				CLANG_WARN_INFINITE_RECURSION = YES;
				CLANG_WARN_INT_CONVERSION = YES;
				CLANG_WARN_NON_LITERAL_NULL_CONVERSION = YES;
				CLANG_WARN_OBJC_IMPLICIT_RETAIN_SELF = YES;
				CLANG_WARN_OBJC_LITERAL_CONVERSION = YES;
				CLANG_WARN_OBJC_ROOT_CLASS = YES_ERROR;
				CLANG_WARN_RANGE_LOOP_ANALYSIS = YES;
				CLANG_WARN_STRICT_PROTOTYPES = YES;
				CLANG_WARN_SUSPICIOUS_MOVE = YES;
				CLANG_WARN_UNGUARDED_AVAILABILITY = YES_AGGRESSIVE;
				CLANG_WARN_UNREACHABLE_CODE = YES;
				CLANG_WARN__DUPLICATE_METHOD_MATCH = YES;
				CODE_SIGN_IDENTITY = "iPhone Developer";
				COPY_PHASE_STRIP = NO;
				DEBUG_INFORMATION_FORMAT = "dwarf-with-dsym";
				ENABLE_NS_ASSERTIONS = NO;
				ENABLE_STRICT_OBJC_MSGSEND = YES;
				GCC_C_LANGUAGE_STANDARD = gnu11;
				GCC_NO_COMMON_BLOCKS = YES;
				GCC_WARN_64_TO_32_BIT_CONVERSION = YES;
				GCC_WARN_ABOUT_RETURN_TYPE = YES_ERROR;
				GCC_WARN_UNDECLARED_SELECTOR = YES;
				GCC_WARN_UNINITIALIZED_AUTOS = YES_AGGRESSIVE;
				GCC_WARN_UNUSED_FUNCTION = YES;
				GCC_WARN_UNUSED_VARIABLE = YES;
				IPHONEOS_DEPLOYMENT_TARGET = 12.2;
				MTL_ENABLE_DEBUG_INFO = NO;
				MTL_FAST_MATH = YES;
				SDKROOT = iphoneos;
				SWIFT_COMPILATION_MODE = wholemodule;
				SWIFT_OPTIMIZATION_LEVEL = "-O";
				VALIDATE_PRODUCT = YES;
			};
			name = Release;
		};
		1A028C9322BB84AD00F64BF0 /* Debug */ = {
			isa = XCBuildConfiguration;
			baseConfigurationReference = 2ACEB1CEAFF77A8289804DAD /* Pods-Wand.debug.xcconfig */;
			buildSettings = {
				ASSETCATALOG_COMPILER_APPICON_NAME = AppIcon;
				CODE_SIGN_STYLE = Automatic;
				DEVELOPMENT_TEAM = 5L9Y5FZ8WC;
				INFOPLIST_FILE = Wand/Info.plist;
				LD_RUNPATH_SEARCH_PATHS = (
					"$(inherited)",
					"@executable_path/Frameworks",
				);
				PRODUCT_BUNDLE_IDENTIFIER = "egryflowczowska-googlemail.com.Wand";
				PRODUCT_NAME = "$(TARGET_NAME)";
				SWIFT_VERSION = 5.0;
				TARGETED_DEVICE_FAMILY = "1,2";
			};
			name = Debug;
		};
		1A028C9422BB84AD00F64BF0 /* Release */ = {
			isa = XCBuildConfiguration;
			baseConfigurationReference = BE3E0FBC1ADF18588567947C /* Pods-Wand.release.xcconfig */;
			buildSettings = {
				ASSETCATALOG_COMPILER_APPICON_NAME = AppIcon;
				CODE_SIGN_STYLE = Automatic;
				DEVELOPMENT_TEAM = 5L9Y5FZ8WC;
				INFOPLIST_FILE = Wand/Info.plist;
				LD_RUNPATH_SEARCH_PATHS = (
					"$(inherited)",
					"@executable_path/Frameworks",
				);
				PRODUCT_BUNDLE_IDENTIFIER = "egryflowczowska-googlemail.com.Wand";
				PRODUCT_NAME = "$(TARGET_NAME)";
				SWIFT_VERSION = 5.0;
				TARGETED_DEVICE_FAMILY = "1,2";
			};
			name = Release;
		};
/* End XCBuildConfiguration section */

/* Begin XCConfigurationList section */
		1A028C7B22BB84AC00F64BF0 /* Build configuration list for PBXProject "Wand" */ = {
			isa = XCConfigurationList;
			buildConfigurations = (
				1A028C9022BB84AD00F64BF0 /* Debug */,
				1A028C9122BB84AD00F64BF0 /* Release */,
			);
			defaultConfigurationIsVisible = 0;
			defaultConfigurationName = Release;
		};
		1A028C9222BB84AD00F64BF0 /* Build configuration list for PBXNativeTarget "Wand" */ = {
			isa = XCConfigurationList;
			buildConfigurations = (
				1A028C9322BB84AD00F64BF0 /* Debug */,
				1A028C9422BB84AD00F64BF0 /* Release */,
			);
			defaultConfigurationIsVisible = 0;
			defaultConfigurationName = Release;
		};
/* End XCConfigurationList section */
	};
	rootObject = 1A028C7822BB84AC00F64BF0 /* Project object */;
}
